
Microsoft Visual Studio Solution File, Format Version 12.00
# Visual Studio Version 16
VisualStudioVersion = 16.0.30204.135
MinimumVisualStudioVersion = 10.0.40219.1
Project("{FAE04EC0-301F-11D3-BF4B-00C04F79EFBC}") = "ConsoleApp2", "ConsoleApp2\ConsoleApp2.csproj", "{D568BB9A-7729-44E8-9C1E-B98248B6C144}"
EndProject
Global
	GlobalSection(SolutionConfigurationPlatforms) = preSolution
		Debug|Any CPU = Debug|Any CPU
		Release|Any CPU = Release|Any CPU
	EndGlobalSection
	GlobalSection(ProjectConfigurationPlatforms) = postSolution
		{D568BB9A-7729-44E8-9C1E-B98248B6C144}.Debug|Any CPU.ActiveCfg = Debug|Any CPU
		{D568BB9A-7729-44E8-9C1E-B98248B6C144}.Debug|Any CPU.Build.0 = Debug|Any CPU
		{D568BB9A-7729-44E8-9C1E-B98248B6C144}.Release|Any CPU.ActiveCfg = Release|Any CPU
		{D568BB9A-7729-44E8-9C1E-B98248B6C144}.Release|Any CPU.Build.0 = Release|Any CPU
	EndGlobalSection
	GlobalSection(SolutionProperties) = preSolution
		HideSolutionNode = FALSE
	EndGlobalSection
	GlobalSection(ExtensibilityGlobals) = postSolution
		SolutionGuid = {D2F05698-4BA0-4C08-8131-987A63D8C64E}
	EndGlobalSection
EndGlobal
